<?xml version="1.0" encoding="utf-8"?>
<Project ToolsVersion="4.0" xmlns="http://schemas.microsoft.com/developer/msbuild/2003">
  <ItemGroup>
    <Filter Include="Source Files">
      <UniqueIdentifier>{4FC737F1-C7A5-4376-A066-2A32D752A2FF}</UniqueIdentifier>
      <Extensions>cpp;c;cc;cxx;c++;cppm;ixx;def;odl;idl;hpj;bat;asm;asmx</Extensions>
    </Filter>
    <Filter Include="Header Files">
      <UniqueIdentifier>{93995380-89BD-4b04-88EB-625FBE52EBFB}</UniqueIdentifier>
      <Extensions>h;hh;hpp;hxx;h++;hm;inl;inc;ipp;xsd</Extensions>
    </Filter>
    <Filter Include="Resource Files">
      <UniqueIdentifier>{67DA6AB6-F800-4c08-8B7A-83BB121AAD01}</UniqueIdentifier>
      <Extensions>rc;ico;cur;bmp;dlg;rc2;rct;bin;rgs;gif;jpg;jpeg;jpe;resx;tiff;tif;png;wav;mfcribbon-ms</Extensions>
    </Filter>
    <Filter Include="Source Files\tests">
      <UniqueIdentifier>{e174dac4-60f8-48aa-a900-6500a64134a3}</UniqueIdentifier>
    </Filter>
    <Filter Include="Source Files\menu">
      <UniqueIdentifier>{17829cde-20e2-4e1a-8c96-319ea3769ba4}</UniqueIdentifier>
    </Filter>
  </ItemGroup>
  <ItemGroup>
    <ClCompile Include="src\simple-games.cpp">
      <Filter>Source Files</Filter>
    </ClCompile>
    <ClCompile Include="src\utils\keyboard.cpp">
      <Filter>Source Files</Filter>
    </ClCompile>
    <ClCompile Include="src\gui\button.cpp">
      <Filter>Source Files</Filter>
    </ClCompile>
    <ClCompile Include="src\gui\menu.cpp">
      <Filter>Source Files</Filter>
    </ClCompile>
    <ClCompile Include="src\gui\multibuttons.cpp">
      <Filter>Source Files</Filter>
    </ClCompile>
    <ClCompile Include="src\shape\ishape.cpp">
      <Filter>Source Files</Filter>
    </ClCompile>
    <ClCompile Include="src\shape\plane.cpp">
      <Filter>Source Files</Filter>
    </ClCompile>
    <ClCompile Include="src\entity\ball.cpp">
      <Filter>Source Files</Filter>
    </ClCompile>
    <ClCompile Include="src\entity\board.cpp">
      <Filter>Source Files</Filter>
    </ClCompile>
    <ClCompile Include="src\entity\collum.cpp">
      <Filter>Source Files</Filter>
    </ClCompile>
    <ClCompile Include="src\games\flybird\birdlevel.cpp">
      <Filter>Source Files</Filter>
    </ClCompile>
    <ClCompile Include="src\games\flybird\bird.cpp">
      <Filter>Source Files</Filter>
    </ClCompile>
    <ClCompile Include="src\games\tetris\tetrisblock.cpp">
      <Filter>Source Files</Filter>
    </ClCompile>
    <ClCompile Include="src\games\2048\plane2048.cpp">
      <Filter>Source Files</Filter>
    </ClCompile>
    <ClCompile Include="src\games\tetris\planetetris.cpp">
      <Filter>Source Files</Filter>
    </ClCompile>
    <ClCompile Include="src\games\snake\apple.cpp">
      <Filter>Source Files</Filter>
    </ClCompile>
    <ClCompile Include="src\games\snake\snake.cpp">
      <Filter>Source Files</Filter>
    </ClCompile>
    <ClCompile Include="src\tests\button_auto_scale_test.cpp">
      <Filter>Source Files</Filter>
    </ClCompile>
    <ClCompile Include="src\tests\collide_test.cpp">
      <Filter>Source Files</Filter>
    </ClCompile>
    <ClCompile Include="src\tests\menu_test.cpp">
      <Filter>Source Files</Filter>
    </ClCompile>
    <ClCompile Include="src\tests\move_player_test.cpp">
      <Filter>Source Files</Filter>
    </ClCompile>
    <ClCompile Include="src\tests\move_to_point_test.cpp">
      <Filter>Source Files</Filter>
    </ClCompile>
  </ItemGroup>
  <ItemGroup>
    <ClInclude Include="src\utils\console.cpp">
      <Filter>Source Files</Filter>
    </ClInclude>
    <ClInclude Include="src\shape\block.cpp">
      <Filter>Source Files</Filter>
    </ClInclude>
    <ClInclude Include="src\move.cpp">
      <Filter>Source Files</Filter>
    </ClInclude>
    <ClInclude Include="src\games\snake\_snake.cpp">
      <Filter>Source Files</Filter>
    </ClInclude>
    <ClInclude Include="src\core.cpp">
      <Filter>Source Files</Filter>
    </ClInclude>
    <ClInclude Include="src\collider.cpp">
      <Filter>Source Files</Filter>
    </ClInclude>
    <ClInclude Include="src\gui\makemenu.cpp">
      <Filter>Source Files</Filter>
    </ClInclude>
    <ClInclude Include="src\games\breakout\breakout.cpp">
      <Filter>Source Files</Filter>
    </ClInclude>
    <ClInclude Include="src\games\tetris\tetris.cpp">
      <Filter>Source Files</Filter>
    </ClInclude>
    <ClInclude Include="src\games\pingpong\pingpong.cpp">
      <Filter>Source Files</Filter>
    </ClInclude>
    <ClInclude Include="src\games\flybird\flybird.cpp">
      <Filter>Source Files</Filter>
    </ClInclude>
    <ClInclude Include="src\menu\main_menu.cpp">
      <Filter>Source Files\menu</Filter>
    </ClInclude>
    <ClInclude Include="src\menu\games_menu.cpp">
      <Filter>Source Files\menu</Filter>
    </ClInclude>
    <ClInclude Include="src\menu\settings_menu.cpp">
      <Filter>Source Files\menu</Filter>
    </ClInclude>
    <ClInclude Include="src\menu\tests_menu.cpp">
      <Filter>Source Files\menu</Filter>
    </ClInclude>
    <ClInclude Include="src\games\2048\_2048.cpp">
      <Filter>Source Files</Filter>
    </ClInclude>
    <ClInclude Include="src\games\runer\runer.cpp">
      <Filter>Source Files</Filter>
    </ClInclude>
    <ClInclude Include="src\menu\start_menu.cpp">
      <Filter>Source Files\menu</Filter>
    </ClInclude>
  </ItemGroup>
</Project>